{
  "name": "go-mongox-doc",
  "lockfileVersion": 3,
  "requires": true,
  "packages": {
    "": {
      "dependencies": {
        "shiki": "^1.0.0-rc.0"
      }
    },
    "node_modules/@shikijs/core": {
      "version": "1.0.0-rc.0",
      "resolved": "https://registry.npmmirror.com/@shikijs/core/-/core-1.0.0-rc.0.tgz",
      "integrity": "sha512-j/7te+hvEYlQTvk/wPoA+1rOklZTz8QuyqVvV81KcEN/g1WXKVnqp9WZ7jFuv0ZVLqBtDx/V8viRDROJniyMLA=="
    },
    "node_modules/shiki": {
      "version": "1.0.0-rc.0",
      "resolved": "https://registry.npmmirror.com/shiki/-/shiki-1.0.0-rc.0.tgz",
      "integrity": "sha512-aeEjERF5qeK+YChgEv94LOjcEcjZBLd0acPaHginz0N8FvyTn2iSLhO0AtoqfvlZ8cWGCJRKLWtDApnQVQB6/Q==",
      "dependencies": {
        "@shikijs/core": "1.0.0-rc.0"
      }
    }
  }
}
